PODS:
  - HTMLReader (0.9.4)
  - Nimble (3.0.0)
  - Quick (0.9.1)

DEPENDENCIES:
  - HTMLReader (~> 0.9)
  - Nimble (= 3.0.0)
  - Quick (~> 0.9.0)

SPEC CHECKSUMS:
  HTMLReader: 03e9da607f2f9924f9cf4b5e5c4143932004257f
  Nimble: 4c353d43735b38b545cbb4cb91504588eb5de926
  Quick: a5221fc21788b6aeda934805e68b061839bc3165

PODFILE CHECKSUM: a25568fdfe58998340ea89b83b993753cd32b17c

COCOAPODS: 1.1.1
