// !$*UTF8*$!
{
	archiveVersion = 1;
	classes = {
	};
	objectVersion = 46;
	objects = {

/* Begin PBXBuildFile section */
		1B273CF31C634CA300F72CDE /* AppDelegate.swift in Sources */ = {isa = PBXBuildFile; fileRef = 1B273CF21C634CA300F72CDE /* AppDelegate.swift */; };
		1B273CF51C634CA300F72CDE /* Assets.xcassets in Resources */ = {isa = PBXBuildFile; fileRef = 1B273CF41C634CA300F72CDE /* Assets.xcassets */; };
		1B273CF81C634CA300F72CDE /* MainMenu.xib in Resources */ = {isa = PBXBuildFile; fileRef = 1B273CF61C634CA300F72CDE /* MainMenu.xib */; };
		1B273D031C634CA300F72CDE /* EarthWallpapersTests.swift in Sources */ = {isa = PBXBuildFile; fileRef = 1B273D021C634CA300F72CDE /* EarthWallpapersTests.swift */; };
/* End PBXBuildFile section */

/* Begin PBXContainerItemProxy section */
		1B273CFF1C634CA300F72CDE /* PBXContainerItemProxy */ = {
			isa = PBXContainerItemProxy;
			containerPortal = 1B273CE71C634CA300F72CDE /* Project object */;
			proxyType = 1;
			remoteGlobalIDString = 1B273CEE1C634CA300F72CDE;
			remoteInfo = EarthWallpapers;
		};
/* End PBXContainerItemProxy section */

/* Begin PBXFileReference section */
		1B273CEF1C634CA300F72CDE /* EarthWallpapers.app */ = {isa = PBXFileReference; explicitFileType = wrapper.application; includeInIndex = 0; path = EarthWallpapers.app; sourceTree = BUILT_PRODUCTS_DIR; };
		1B273CF21C634CA300F72CDE /* AppDelegate.swift */ = {isa = PBXFileReference; lastKnownFileType = sourcecode.swift; path = AppDelegate.swift; sourceTree = "<group>"; };
		1B273CF41C634CA300F72CDE /* Assets.xcassets */ = {isa = PBXFileReference; lastKnownFileType = folder.assetcatalog; path = Assets.xcassets; sourceTree = "<group>"; };
		1B273CF71C634CA300F72CDE /* Base */ = {isa = PBXFileReference; lastKnownFileType = file.xib; name = Base; path = Base.lproj/MainMenu.xib; sourceTree = "<group>"; };
		1B273CF91C634CA300F72CDE /* Info.plist */ = {isa = PBXFileReference; lastKnownFileType = text.plist.xml; path = Info.plist; sourceTree = "<group>"; };
		1B273CFE1C634CA300F72CDE /* EarthWallpapersTests.xctest */ = {isa = PBXFileReference; explicitFileType = wrapper.cfbundle; includeInIndex = 0; path = EarthWallpapersTests.xctest; sourceTree = BUILT_PRODUCTS_DIR; };
		1B273D021C634CA300F72CDE /* EarthWallpapersTests.swift */ = {isa = PBXFileReference; lastKnownFileType = sourcecode.swift; path = EarthWallpapersTests.swift; sourceTree = "<group>"; };
		1B273D041C634CA300F72CDE /* Info.plist */ = {isa = PBXFileReference; lastKnownFileType = text.plist.xml; path = Info.plist; sourceTree = "<group>"; };
/* End PBXFileReference section */

/* Begin PBXFrameworksBuildPhase section */
		1B273CEC1C634CA300F72CDE /* Frameworks */ = {
			isa = PBXFrameworksBuildPhase;
			buildActionMask = 2147483647;
			files = (
			);
			runOnlyForDeploymentPostprocessing = 0;
		};
		1B273CFB1C634CA300F72CDE /* Frameworks */ = {
			isa = PBXFrameworksBuildPhase;
			buildActionMask = 2147483647;
			files = (
			);
			runOnlyForDeploymentPostprocessing = 0;
		};
/* End PBXFrameworksBuildPhase section */

/* Begin PBXGroup section */
		1B273CE61C634CA300F72CDE = {
			isa = PBXGroup;
			children = (
				1B273CF11C634CA300F72CDE /* EarthWallpapers */,
				1B273D011C634CA300F72CDE /* EarthWallpapersTests */,
				1B273CF01C634CA300F72CDE /* Products */,
			);
			sourceTree = "<group>";
		};
		1B273CF01C634CA300F72CDE /* Products */ = {
			isa = PBXGroup;
			children = (
				1B273CEF1C634CA300F72CDE /* EarthWallpapers.app */,
				1B273CFE1C634CA300F72CDE /* EarthWallpapersTests.xctest */,
			);
			name = Products;
			sourceTree = "<group>";
		};
		1B273CF11C634CA300F72CDE /* EarthWallpapers */ = {
			isa = PBXGroup;
			children = (
				1B273CF21C634CA300F72CDE /* AppDelegate.swift */,
				1B273CF41C634CA300F72CDE /* Assets.xcassets */,
				1B273CF61C634CA300F72CDE /* MainMenu.xib */,
				1B273CF91C634CA300F72CDE /* Info.plist */,
			);
			path = EarthWallpapers;
			sourceTree = "<group>";
		};
		1B273D011C634CA300F72CDE /* EarthWallpapersTests */ = {
			isa = PBXGroup;
			children = (
				1B273D021C634CA300F72CDE /* EarthWallpapersTests.swift */,
				1B273D041C634CA300F72CDE /* Info.plist */,
			);
			path = EarthWallpapersTests;
			sourceTree = "<group>";
		};
/* End PBXGroup section */

/* Begin PBXNativeTarget section */
		1B273CEE1C634CA300F72CDE /* EarthWallpapers */ = {
			isa = PBXNativeTarget;
			buildConfigurationList = 1B273D071C634CA300F72CDE /* Build configuration list for PBXNativeTarget "EarthWallpapers" */;
			buildPhases = (
				1B273CEB1C634CA300F72CDE /* Sources */,
				1B273CEC1C634CA300F72CDE /* Frameworks */,
				1B273CED1C634CA300F72CDE /* Resources */,
			);
			buildRules = (
			);
			dependencies = (
			);
			name = EarthWallpapers;
			productName = EarthWallpapers;
			productReference = 1B273CEF1C634CA300F72CDE /* EarthWallpapers.app */;
			productType = "com.apple.product-type.application";
		};
		1B273CFD1C634CA300F72CDE /* EarthWallpapersTests */ = {
			isa = PBXNativeTarget;
			buildConfigurationList = 1B273D0A1C634CA300F72CDE /* Build configuration list for PBXNativeTarget "EarthWallpapersTests" */;
			buildPhases = (
				1B273CFA1C634CA300F72CDE /* Sources */,
				1B273CFB1C634CA300F72CDE /* Frameworks */,
				1B273CFC1C634CA300F72CDE /* Resources */,
			);
			buildRules = (
			);
			dependencies = (
				1B273D001C634CA300F72CDE /* PBXTargetDependency */,
			);
			name = EarthWallpapersTests;
			productName = EarthWallpapersTests;
			productReference = 1B273CFE1C634CA300F72CDE /* EarthWallpapersTests.xctest */;
			productType = "com.apple.product-type.bundle.unit-test";
		};
/* End PBXNativeTarget section */

/* Begin PBXProject section */
		1B273CE71C634CA300F72CDE /* Project object */ = {
			isa = PBXProject;
			attributes = {
				LastSwiftUpdateCheck = 0720;
				LastUpgradeCheck = 0720;
				ORGANIZATIONNAME = membersheep;
				TargetAttributes = {
					1B273CEE1C634CA300F72CDE = {
						CreatedOnToolsVersion = 7.2;
					};
					1B273CFD1C634CA300F72CDE = {
						CreatedOnToolsVersion = 7.2;
						TestTargetID = 1B273CEE1C634CA300F72CDE;
					};
				};
			};
			buildConfigurationList = 1B273CEA1C634CA300F72CDE /* Build configuration list for PBXProject "EarthWallpapers" */;
			compatibilityVersion = "Xcode 3.2";
			developmentRegion = English;
			hasScannedForEncodings = 0;
			knownRegions = (
				en,
				Base,
			);
			mainGroup = 1B273CE61C634CA300F72CDE;
			productRefGroup = 1B273CF01C634CA300F72CDE /* Products */;
			projectDirPath = "";
			projectRoot = "";
			targets = (
				1B273CEE1C634CA300F72CDE /* EarthWallpapers */,
				1B273CFD1C634CA300F72CDE /* EarthWallpapersTests */,
			);
		};
/* End PBXProject section */

/* Begin PBXResourcesBuildPhase section */
		1B273CED1C634CA300F72CDE /* Resources */ = {
			isa = PBXResourcesBuildPhase;
			buildActionMask = 2147483647;
			files = (
				1B273CF51C634CA300F72CDE /* Assets.xcassets in Resources */,
				1B273CF81C634CA300F72CDE /* MainMenu.xib in Resources */,
			);
			runOnlyForDeploymentPostprocessing = 0;
		};
		1B273CFC1C634CA300F72CDE /* Resources */ = {
			isa = PBXResourcesBuildPhase;
			buildActionMask = 2147483647;
			files = (
			);
			runOnlyForDeploymentPostprocessing = 0;
		};
/* End PBXResourcesBuildPhase section */

/* Begin PBXSourcesBuildPhase section */
		1B273CEB1C634CA300F72CDE /* Sources */ = {
			isa = PBXSourcesBuildPhase;
			buildActionMask = 2147483647;
			files = (
				1B273CF31C634CA300F72CDE /* AppDelegate.swift in Sources */,
			);
			runOnlyForDeploymentPostprocessing = 0;
		};
		1B273CFA1C634CA300F72CDE /* Sources */ = {
			isa = PBXSourcesBuildPhase;
			buildActionMask = 2147483647;
			files = (
				1B273D031C634CA300F72CDE /* EarthWallpapersTests.swift in Sources */,
			);
			runOnlyForDeploymentPostprocessing = 0;
		};
/* End PBXSourcesBuildPhase section */

/* Begin PBXTargetDependency section */
		1B273D001C634CA300F72CDE /* PBXTargetDependency */ = {
			isa = PBXTargetDependency;
			target = 1B273CEE1C634CA300F72CDE /* EarthWallpapers */;
			targetProxy = 1B273CFF1C634CA300F72CDE /* PBXContainerItemProxy */;
		};
/* End PBXTargetDependency section */

/* Begin PBXVariantGroup section */
		1B273CF61C634CA300F72CDE /* MainMenu.xib */ = {
			isa = PBXVariantGroup;
			children = (
				1B273CF71C634CA300F72CDE /* Base */,
			);
			name = MainMenu.xib;
			sourceTree = "<group>";
		};
/* End PBXVariantGroup section */

/* Begin XCBuildConfiguration section */
		1B273D051C634CA300F72CDE /* Debug */ = {
			isa = XCBuildConfiguration;
			buildSettings = {
				ALWAYS_SEARCH_USER_PATHS = NO;
				CLANG_CXX_LANGUAGE_STANDARD = "gnu++0x";
				CLANG_CXX_LIBRARY = "libc++";
				CLANG_ENABLE_MODULES = YES;
				CLANG_ENABLE_OBJC_ARC = YES;
				CLANG_WARN_BOOL_CONVERSION = YES;
				CLANG_WARN_CONSTANT_CONVERSION = YES;
				CLANG_WARN_DIRECT_OBJC_ISA_USAGE = YES_ERROR;
				CLANG_WARN_EMPTY_BODY = YES;
				CLANG_WARN_ENUM_CONVERSION = YES;
				CLANG_WARN_INT_CONVERSION = YES;
				CLANG_WARN_OBJC_ROOT_CLASS = YES_ERROR;
				CLANG_WARN_UNREACHABLE_CODE = YES;
				CLANG_WARN__DUPLICATE_METHOD_MATCH = YES;
				CODE_SIGN_IDENTITY = "-";
				COPY_PHASE_STRIP = NO;
				DEBUG_INFORMATION_FORMAT = dwarf;
				ENABLE_STRICT_OBJC_MSGSEND = YES;
				ENABLE_TESTABILITY = YES;
				GCC_C_LANGUAGE_STANDARD = gnu99;
				GCC_DYNAMIC_NO_PIC = NO;
				GCC_NO_COMMON_BLOCKS = YES;
				GCC_OPTIMIZATION_LEVEL = 0;
				GCC_PREPROCESSOR_DEFINITIONS = (
					"DEBUG=1",
					"$(inherited)",
				);
				GCC_WARN_64_TO_32_BIT_CONVERSION = YES;
				GCC_WARN_ABOUT_RETURN_TYPE = YES_ERROR;
				GCC_WARN_UNDECLARED_SELECTOR = YES;
				GCC_WARN_UNINITIALIZED_AUTOS = YES_AGGRESSIVE;
				GCC_WARN_UNUSED_FUNCTION = YES;
				GCC_WARN_UNUSED_VARIABLE = YES;
				MACOSX_DEPLOYMENT_TARGET = 10.11;
				MTL_ENABLE_DEBUG_INFO = YES;
				ONLY_ACTIVE_ARCH = YES;
				SDKROOT = macosx;
				SWIFT_OPTIMIZATION_LEVEL = "-Onone";
			};
			name = Debug;
		};
		1B273D061C634CA300F72CDE /* Release */ = {
			isa = XCBuildConfiguration;
			buildSettings = {
				ALWAYS_SEARCH_USER_PATHS = NO;
				CLANG_CXX_LANGUAGE_STANDARD = "gnu++0x";
				CLANG_CXX_LIBRARY = "libc++";
				CLANG_ENABLE_MODULES = YES;
				CLANG_ENABLE_OBJC_ARC = YES;
				CLANG_WARN_BOOL_CONVERSION = YES;
				CLANG_WARN_CONSTANT_CONVERSION = YES;
				CLANG_WARN_DIRECT_OBJC_ISA_USAGE = YES_ERROR;
				CLANG_WARN_EMPTY_BODY = YES;
				CLANG_WARN_ENUM_CONVERSION = YES;
				CLANG_WARN_INT_CONVERSION = YES;
				CLANG_WARN_OBJC_ROOT_CLASS = YES_ERROR;
				CLANG_WARN_UNREACHABLE_CODE = YES;
				CLANG_WARN__DUPLICATE_METHOD_MATCH = YES;
				CODE_SIGN_IDENTITY = "-";
				COPY_PHASE_STRIP = NO;
				DEBUG_INFORMATION_FORMAT = "dwarf-with-dsym";
				ENABLE_NS_ASSERTIONS = NO;
				ENABLE_STRICT_OBJC_MSGSEND = YES;
				GCC_C_LANGUAGE_STANDARD = gnu99;
				GCC_NO_COMMON_BLOCKS = YES;
				GCC_WARN_64_TO_32_BIT_CONVERSION = YES;
				GCC_WARN_ABOUT_RETURN_TYPE = YES_ERROR;
				GCC_WARN_UNDECLARED_SELECTOR = YES;
				GCC_WARN_UNINITIALIZED_AUTOS = YES_AGGRESSIVE;
				GCC_WARN_UNUSED_FUNCTION = YES;
				GCC_WARN_UNUSED_VARIABLE = YES;
				MACOSX_DEPLOYMENT_TARGET = 10.11;
				MTL_ENABLE_DEBUG_INFO = NO;
				SDKROOT = macosx;
			};
			name = Release;
		};
		1B273D081C634CA300F72CDE /* Debug */ = {
			isa = XCBuildConfiguration;
			buildSettings = {
				ASSETCATALOG_COMPILER_APPICON_NAME = AppIcon;
				COMBINE_HIDPI_IMAGES = YES;
				INFOPLIST_FILE = EarthWallpapers/Info.plist;
				LD_RUNPATH_SEARCH_PATHS = "$(inherited) @executable_path/../Frameworks";
				PRODUCT_BUNDLE_IDENTIFIER = mem.EarthWallpapers;
				PRODUCT_NAME = "$(TARGET_NAME)";
			};
			name = Debug;
		};
		1B273D091C634CA300F72CDE /* Release */ = {
			isa = XCBuildConfiguration;
			buildSettings = {
				ASSETCATALOG_COMPILER_APPICON_NAME = AppIcon;
				COMBINE_HIDPI_IMAGES = YES;
				INFOPLIST_FILE = EarthWallpapers/Info.plist;
				LD_RUNPATH_SEARCH_PATHS = "$(inherited) @executable_path/../Frameworks";
				PRODUCT_BUNDLE_IDENTIFIER = mem.EarthWallpapers;
				PRODUCT_NAME = "$(TARGET_NAME)";
			};
			name = Release;
		};
		1B273D0B1C634CA300F72CDE /* Debug */ = {
			isa = XCBuildConfiguration;
			buildSettings = {
				BUNDLE_LOADER = "$(TEST_HOST)";
				COMBINE_HIDPI_IMAGES = YES;
				INFOPLIST_FILE = EarthWallpapersTests/Info.plist;
				LD_RUNPATH_SEARCH_PATHS = "$(inherited) @executable_path/../Frameworks @loader_path/../Frameworks";
				PRODUCT_BUNDLE_IDENTIFIER = mem.EarthWallpapersTests;
				PRODUCT_NAME = "$(TARGET_NAME)";
				TEST_HOST = "$(BUILT_PRODUCTS_DIR)/EarthWallpapers.app/Contents/MacOS/EarthWallpapers";
			};
			name = Debug;
		};
		1B273D0C1C634CA300F72CDE /* Release */ = {
			isa = XCBuildConfiguration;
			buildSettings = {
				BUNDLE_LOADER = "$(TEST_HOST)";
				COMBINE_HIDPI_IMAGES = YES;
				INFOPLIST_FILE = EarthWallpapersTests/Info.plist;
				LD_RUNPATH_SEARCH_PATHS = "$(inherited) @executable_path/../Frameworks @loader_path/../Frameworks";
				PRODUCT_BUNDLE_IDENTIFIER = mem.EarthWallpapersTests;
				PRODUCT_NAME = "$(TARGET_NAME)";
				TEST_HOST = "$(BUILT_PRODUCTS_DIR)/EarthWallpapers.app/Contents/MacOS/EarthWallpapers";
			};
			name = Release;
		};
/* End XCBuildConfiguration section */

/* Begin XCConfigurationList section */
		1B273CEA1C634CA300F72CDE /* Build configuration list for PBXProject "EarthWallpapers" */ = {
			isa = XCConfigurationList;
			buildConfigurations = (
				1B273D051C634CA300F72CDE /* Debug */,
				1B273D061C634CA300F72CDE /* Release */,
			);
			defaultConfigurationIsVisible = 0;
			defaultConfigurationName = Release;
		};
		1B273D071C634CA300F72CDE /* Build configuration list for PBXNativeTarget "EarthWallpapers" */ = {
			isa = XCConfigurationList;
			buildConfigurations = (
				1B273D081C634CA300F72CDE /* Debug */,
				1B273D091C634CA300F72CDE /* Release */,
			);
			defaultConfigurationIsVisible = 0;
		};
		1B273D0A1C634CA300F72CDE /* Build configuration list for PBXNativeTarget "EarthWallpapersTests" */ = {
			isa = XCConfigurationList;
			buildConfigurations = (
				1B273D0B1C634CA300F72CDE /* Debug */,
				1B273D0C1C634CA300F72CDE /* Release */,
			);
			defaultConfigurationIsVisible = 0;
		};
/* End XCConfigurationList section */
	};
	rootObject = 1B273CE71C634CA300F72CDE /* Project object */;
}
