// !$*UTF8*$!
{
	archiveVersion = 1;
	classes = {
	};
	objectVersion = 46;
	objects = {

/* Begin PBXBuildFile section */
		1B273CF31C634CA300F72CDE /* AppDelegate.swift in Sources */ = {isa = PBXBuildFile; fileRef = 1B273CF21C634CA300F72CDE /* AppDelegate.swift */; };
		1B273CF51C634CA300F72CDE /* Assets.xcassets in Resources */ = {isa = PBXBuildFile; fileRef = 1B273CF41C634CA300F72CDE /* Assets.xcassets */; };
		1B273D031C634CA300F72CDE /* EarthWallpapersTests.swift in Sources */ = {isa = PBXBuildFile; fileRef = 1B273D021C634CA300F72CDE /* EarthWallpapersTests.swift */; };
		1B273D0E1C634CFC00F72CDE /* AppController.swift in Sources */ = {isa = PBXBuildFile; fileRef = 1B273D0D1C634CFC00F72CDE /* AppController.swift */; };
		1B273D0F1C634CFC00F72CDE /* AppController.swift in Sources */ = {isa = PBXBuildFile; fileRef = 1B273D0D1C634CFC00F72CDE /* AppController.swift */; };
		1B273D171C635D4300F72CDE /* ImageDownloadService.swift in Sources */ = {isa = PBXBuildFile; fileRef = 1B273D131C635D4300F72CDE /* ImageDownloadService.swift */; };
		1B273D181C635D4300F72CDE /* ImageDownloadService.swift in Sources */ = {isa = PBXBuildFile; fileRef = 1B273D131C635D4300F72CDE /* ImageDownloadService.swift */; };
		1B273D1B1C635D4300F72CDE /* Result.swift in Sources */ = {isa = PBXBuildFile; fileRef = 1B273D151C635D4300F72CDE /* Result.swift */; };
		1B273D1C1C635D4300F72CDE /* Result.swift in Sources */ = {isa = PBXBuildFile; fileRef = 1B273D151C635D4300F72CDE /* Result.swift */; };
		1B273D201C6364EE00F72CDE /* EarthImageService.swift in Sources */ = {isa = PBXBuildFile; fileRef = 1B273D1F1C6364EE00F72CDE /* EarthImageService.swift */; };
		1B273D211C6364EE00F72CDE /* EarthImageService.swift in Sources */ = {isa = PBXBuildFile; fileRef = 1B273D1F1C6364EE00F72CDE /* EarthImageService.swift */; };
		1B273D231C63650000F72CDE /* WallpaperManager.swift in Sources */ = {isa = PBXBuildFile; fileRef = 1B273D221C63650000F72CDE /* WallpaperManager.swift */; };
		1B273D241C63650000F72CDE /* WallpaperManager.swift in Sources */ = {isa = PBXBuildFile; fileRef = 1B273D221C63650000F72CDE /* WallpaperManager.swift */; };
		1B36FFCD1C68988E00596020 /* StartupService.swift in Sources */ = {isa = PBXBuildFile; fileRef = 1B36FFCC1C68988D00596020 /* StartupService.swift */; };
		1B36FFCE1C68988E00596020 /* StartupService.swift in Sources */ = {isa = PBXBuildFile; fileRef = 1B36FFCC1C68988D00596020 /* StartupService.swift */; };
		1B4F79211C68A8230062EC15 /* AboutWindow.xib in Resources */ = {isa = PBXBuildFile; fileRef = 1B4F79201C68A8230062EC15 /* AboutWindow.xib */; };
		1B4F79221C68A8230062EC15 /* AboutWindow.xib in Resources */ = {isa = PBXBuildFile; fileRef = 1B4F79201C68A8230062EC15 /* AboutWindow.xib */; };
		1B4F79241C68AC770062EC15 /* AboutController.swift in Sources */ = {isa = PBXBuildFile; fileRef = 1B4F79231C68AC770062EC15 /* AboutController.swift */; };
		1B4F79251C68AC770062EC15 /* AboutController.swift in Sources */ = {isa = PBXBuildFile; fileRef = 1B4F79231C68AC770062EC15 /* AboutController.swift */; };
		1B4F79281C68F79F0062EC15 /* PreferencesManager.swift in Sources */ = {isa = PBXBuildFile; fileRef = 1B4F79271C68F79F0062EC15 /* PreferencesManager.swift */; };
		1B4F79291C68F79F0062EC15 /* PreferencesManager.swift in Sources */ = {isa = PBXBuildFile; fileRef = 1B4F79271C68F79F0062EC15 /* PreferencesManager.swift */; };
		1B4F792B1C69EB770062EC15 /* WallpaperService.swift in Sources */ = {isa = PBXBuildFile; fileRef = 1B4F792A1C69EB770062EC15 /* WallpaperService.swift */; };
		1B4F792C1C69EB770062EC15 /* WallpaperService.swift in Sources */ = {isa = PBXBuildFile; fileRef = 1B4F792A1C69EB770062EC15 /* WallpaperService.swift */; };
		1B6DA8BC1C64B61A008C35FA /* PreferencesWindow.xib in Resources */ = {isa = PBXBuildFile; fileRef = 1B6DA8BB1C64B619008C35FA /* PreferencesWindow.xib */; };
		1B6DA8BD1C64B61A008C35FA /* PreferencesWindow.xib in Resources */ = {isa = PBXBuildFile; fileRef = 1B6DA8BB1C64B619008C35FA /* PreferencesWindow.xib */; };
		1B6DA8BF1C64B957008C35FA /* PreferencesController.swift in Sources */ = {isa = PBXBuildFile; fileRef = 1B6DA8BE1C64B957008C35FA /* PreferencesController.swift */; };
		1B6DA8C01C64B957008C35FA /* PreferencesController.swift in Sources */ = {isa = PBXBuildFile; fileRef = 1B6DA8BE1C64B957008C35FA /* PreferencesController.swift */; };
		1BDA4EE61C6B87A50019041B /* UserDefaultsManager.swift in Sources */ = {isa = PBXBuildFile; fileRef = 1BDA4EE51C6B87A50019041B /* UserDefaultsManager.swift */; };
		1BDA4EE71C6B87A50019041B /* UserDefaultsManager.swift in Sources */ = {isa = PBXBuildFile; fileRef = 1BDA4EE51C6B87A50019041B /* UserDefaultsManager.swift */; };
		1BDA4EEE1C6DF33F0019041B /* TimerService.swift in Sources */ = {isa = PBXBuildFile; fileRef = 1BDA4EED1C6DF33F0019041B /* TimerService.swift */; };
		1BDA4EEF1C6DF33F0019041B /* TimerService.swift in Sources */ = {isa = PBXBuildFile; fileRef = 1BDA4EED1C6DF33F0019041B /* TimerService.swift */; };
		1BDA4F031C6E24390019041B /* StatusMenu.xib in Resources */ = {isa = PBXBuildFile; fileRef = 1BDA4F021C6E24390019041B /* StatusMenu.xib */; };
		1BDA4F041C6E24390019041B /* StatusMenu.xib in Resources */ = {isa = PBXBuildFile; fileRef = 1BDA4F021C6E24390019041B /* StatusMenu.xib */; };
		1BDA4F2D1C6E317A0019041B /* MainWindow.xib in Resources */ = {isa = PBXBuildFile; fileRef = 1B273CF61C634CA300F72CDE /* MainWindow.xib */; };
		20C478081B67FB688FEBA852 /* Pods_EarthWallpapers.framework in Frameworks */ = {isa = PBXBuildFile; fileRef = 6AEA326721841E3846D5569F /* Pods_EarthWallpapers.framework */; };
		8AFC4B715BD13801EBE14798 /* Pods_EarthWallpapersTests.framework in Frameworks */ = {isa = PBXBuildFile; fileRef = 74876C99CAC7FE7F71AD7E5F /* Pods_EarthWallpapersTests.framework */; };
/* End PBXBuildFile section */

/* Begin PBXContainerItemProxy section */
		1B273CFF1C634CA300F72CDE /* PBXContainerItemProxy */ = {
			isa = PBXContainerItemProxy;
			containerPortal = 1B273CE71C634CA300F72CDE /* Project object */;
			proxyType = 1;
			remoteGlobalIDString = 1B273CEE1C634CA300F72CDE;
			remoteInfo = EarthWallpapers;
		};
/* End PBXContainerItemProxy section */

/* Begin PBXFileReference section */
		1B273CEF1C634CA300F72CDE /* EarthWallpapers.app */ = {isa = PBXFileReference; explicitFileType = wrapper.application; includeInIndex = 0; path = EarthWallpapers.app; sourceTree = BUILT_PRODUCTS_DIR; };
		1B273CF21C634CA300F72CDE /* AppDelegate.swift */ = {isa = PBXFileReference; lastKnownFileType = sourcecode.swift; path = AppDelegate.swift; sourceTree = "<group>"; };
		1B273CF41C634CA300F72CDE /* Assets.xcassets */ = {isa = PBXFileReference; lastKnownFileType = folder.assetcatalog; path = Assets.xcassets; sourceTree = "<group>"; };
		1B273CF71C634CA300F72CDE /* Base */ = {isa = PBXFileReference; lastKnownFileType = file.xib; name = Base; path = Base.lproj/MainWindow.xib; sourceTree = "<group>"; };
		1B273CF91C634CA300F72CDE /* Info.plist */ = {isa = PBXFileReference; lastKnownFileType = text.plist.xml; path = Info.plist; sourceTree = "<group>"; };
		1B273CFE1C634CA300F72CDE /* EarthWallpapersTests.xctest */ = {isa = PBXFileReference; explicitFileType = wrapper.cfbundle; includeInIndex = 0; path = EarthWallpapersTests.xctest; sourceTree = BUILT_PRODUCTS_DIR; };
		1B273D021C634CA300F72CDE /* EarthWallpapersTests.swift */ = {isa = PBXFileReference; lastKnownFileType = sourcecode.swift; path = EarthWallpapersTests.swift; sourceTree = "<group>"; };
		1B273D041C634CA300F72CDE /* Info.plist */ = {isa = PBXFileReference; lastKnownFileType = text.plist.xml; path = Info.plist; sourceTree = "<group>"; };
		1B273D0D1C634CFC00F72CDE /* AppController.swift */ = {isa = PBXFileReference; fileEncoding = 4; lastKnownFileType = sourcecode.swift; path = AppController.swift; sourceTree = "<group>"; };
		1B273D131C635D4300F72CDE /* ImageDownloadService.swift */ = {isa = PBXFileReference; fileEncoding = 4; lastKnownFileType = sourcecode.swift; path = ImageDownloadService.swift; sourceTree = "<group>"; };
		1B273D151C635D4300F72CDE /* Result.swift */ = {isa = PBXFileReference; fileEncoding = 4; lastKnownFileType = sourcecode.swift; path = Result.swift; sourceTree = "<group>"; };
		1B273D1F1C6364EE00F72CDE /* EarthImageService.swift */ = {isa = PBXFileReference; fileEncoding = 4; lastKnownFileType = sourcecode.swift; path = EarthImageService.swift; sourceTree = "<group>"; };
		1B273D221C63650000F72CDE /* WallpaperManager.swift */ = {isa = PBXFileReference; fileEncoding = 4; lastKnownFileType = sourcecode.swift; path = WallpaperManager.swift; sourceTree = "<group>"; };
		1B36FFCC1C68988D00596020 /* StartupService.swift */ = {isa = PBXFileReference; fileEncoding = 4; lastKnownFileType = sourcecode.swift; path = StartupService.swift; sourceTree = "<group>"; };
		1B4F79201C68A8230062EC15 /* AboutWindow.xib */ = {isa = PBXFileReference; fileEncoding = 4; lastKnownFileType = file.xib; path = AboutWindow.xib; sourceTree = "<group>"; };
		1B4F79231C68AC770062EC15 /* AboutController.swift */ = {isa = PBXFileReference; fileEncoding = 4; lastKnownFileType = sourcecode.swift; path = AboutController.swift; sourceTree = "<group>"; };
		1B4F79271C68F79F0062EC15 /* PreferencesManager.swift */ = {isa = PBXFileReference; fileEncoding = 4; lastKnownFileType = sourcecode.swift; path = PreferencesManager.swift; sourceTree = "<group>"; };
		1B4F792A1C69EB770062EC15 /* WallpaperService.swift */ = {isa = PBXFileReference; fileEncoding = 4; lastKnownFileType = sourcecode.swift; path = WallpaperService.swift; sourceTree = "<group>"; };
		1B6DA8BB1C64B619008C35FA /* PreferencesWindow.xib */ = {isa = PBXFileReference; fileEncoding = 4; lastKnownFileType = file.xib; path = PreferencesWindow.xib; sourceTree = "<group>"; };
		1B6DA8BE1C64B957008C35FA /* PreferencesController.swift */ = {isa = PBXFileReference; fileEncoding = 4; lastKnownFileType = sourcecode.swift; path = PreferencesController.swift; sourceTree = "<group>"; };
		1BDA4EE51C6B87A50019041B /* UserDefaultsManager.swift */ = {isa = PBXFileReference; fileEncoding = 4; lastKnownFileType = sourcecode.swift; path = UserDefaultsManager.swift; sourceTree = "<group>"; };
		1BDA4EED1C6DF33F0019041B /* TimerService.swift */ = {isa = PBXFileReference; fileEncoding = 4; lastKnownFileType = sourcecode.swift; path = TimerService.swift; sourceTree = "<group>"; };
		1BDA4F021C6E24390019041B /* StatusMenu.xib */ = {isa = PBXFileReference; fileEncoding = 4; lastKnownFileType = file.xib; path = StatusMenu.xib; sourceTree = "<group>"; };
		6236DA0AF5CD157F52A20DC0 /* Pods-EarthWallpapers.debug.xcconfig */ = {isa = PBXFileReference; includeInIndex = 1; lastKnownFileType = text.xcconfig; name = "Pods-EarthWallpapers.debug.xcconfig"; path = "Pods/Target Support Files/Pods-EarthWallpapers/Pods-EarthWallpapers.debug.xcconfig"; sourceTree = "<group>"; };
		6AEA326721841E3846D5569F /* Pods_EarthWallpapers.framework */ = {isa = PBXFileReference; explicitFileType = wrapper.framework; includeInIndex = 0; path = Pods_EarthWallpapers.framework; sourceTree = BUILT_PRODUCTS_DIR; };
		74876C99CAC7FE7F71AD7E5F /* Pods_EarthWallpapersTests.framework */ = {isa = PBXFileReference; explicitFileType = wrapper.framework; includeInIndex = 0; path = Pods_EarthWallpapersTests.framework; sourceTree = BUILT_PRODUCTS_DIR; };
		BDB20ABA130F43DB148E380E /* Pods-EarthWallpapersTests.debug.xcconfig */ = {isa = PBXFileReference; includeInIndex = 1; lastKnownFileType = text.xcconfig; name = "Pods-EarthWallpapersTests.debug.xcconfig"; path = "Pods/Target Support Files/Pods-EarthWallpapersTests/Pods-EarthWallpapersTests.debug.xcconfig"; sourceTree = "<group>"; };
		DC21823576220AE031EC2F81 /* Pods-EarthWallpapersTests.release.xcconfig */ = {isa = PBXFileReference; includeInIndex = 1; lastKnownFileType = text.xcconfig; name = "Pods-EarthWallpapersTests.release.xcconfig"; path = "Pods/Target Support Files/Pods-EarthWallpapersTests/Pods-EarthWallpapersTests.release.xcconfig"; sourceTree = "<group>"; };
		F727396F54068C9A8BFAE78F /* Pods-EarthWallpapers.release.xcconfig */ = {isa = PBXFileReference; includeInIndex = 1; lastKnownFileType = text.xcconfig; name = "Pods-EarthWallpapers.release.xcconfig"; path = "Pods/Target Support Files/Pods-EarthWallpapers/Pods-EarthWallpapers.release.xcconfig"; sourceTree = "<group>"; };
/* End PBXFileReference section */

/* Begin PBXFrameworksBuildPhase section */
		1B273CEC1C634CA300F72CDE /* Frameworks */ = {
			isa = PBXFrameworksBuildPhase;
			buildActionMask = 2147483647;
			files = (
				20C478081B67FB688FEBA852 /* Pods_EarthWallpapers.framework in Frameworks */,
			);
			runOnlyForDeploymentPostprocessing = 0;
		};
		1B273CFB1C634CA300F72CDE /* Frameworks */ = {
			isa = PBXFrameworksBuildPhase;
			buildActionMask = 2147483647;
			files = (
				8AFC4B715BD13801EBE14798 /* Pods_EarthWallpapersTests.framework in Frameworks */,
			);
			runOnlyForDeploymentPostprocessing = 0;
		};
/* End PBXFrameworksBuildPhase section */

/* Begin PBXGroup section */
		0F83640E4A4124B7FAE327DF /* Pods */ = {
			isa = PBXGroup;
			children = (
				6236DA0AF5CD157F52A20DC0 /* Pods-EarthWallpapers.debug.xcconfig */,
				F727396F54068C9A8BFAE78F /* Pods-EarthWallpapers.release.xcconfig */,
				BDB20ABA130F43DB148E380E /* Pods-EarthWallpapersTests.debug.xcconfig */,
				DC21823576220AE031EC2F81 /* Pods-EarthWallpapersTests.release.xcconfig */,
			);
			name = Pods;
			sourceTree = "<group>";
		};
		1B273CE61C634CA300F72CDE = {
			isa = PBXGroup;
			children = (
				1B273CF11C634CA300F72CDE /* EarthWallpapers */,
				1B273D011C634CA300F72CDE /* EarthWallpapersTests */,
				1B273CF01C634CA300F72CDE /* Products */,
				0F83640E4A4124B7FAE327DF /* Pods */,
				FEAB8AA2AB66A924D14BEB15 /* Frameworks */,
			);
			sourceTree = "<group>";
		};
		1B273CF01C634CA300F72CDE /* Products */ = {
			isa = PBXGroup;
			children = (
				1B273CEF1C634CA300F72CDE /* EarthWallpapers.app */,
				1B273CFE1C634CA300F72CDE /* EarthWallpapersTests.xctest */,
			);
			name = Products;
			sourceTree = "<group>";
		};
		1B273CF11C634CA300F72CDE /* EarthWallpapers */ = {
			isa = PBXGroup;
			children = (
				1B6DA8CA1C650469008C35FA /* Models */,
				1B4F79261C68E9AD0062EC15 /* Views */,
				1B6DA8C71C65040A008C35FA /* Controllers */,
				1B6DA8C91C650433008C35FA /* Managers */,
				1B6DA8C81C65042B008C35FA /* Services */,
				1B273CF21C634CA300F72CDE /* AppDelegate.swift */,
				1B273CF41C634CA300F72CDE /* Assets.xcassets */,
				1B273CF91C634CA300F72CDE /* Info.plist */,
			);
			path = EarthWallpapers;
			sourceTree = "<group>";
		};
		1B273D011C634CA300F72CDE /* EarthWallpapersTests */ = {
			isa = PBXGroup;
			children = (
				1B273D021C634CA300F72CDE /* EarthWallpapersTests.swift */,
				1B273D041C634CA300F72CDE /* Info.plist */,
			);
			path = EarthWallpapersTests;
			sourceTree = "<group>";
		};
		1B4F79261C68E9AD0062EC15 /* Views */ = {
			isa = PBXGroup;
			children = (
				1B273CF61C634CA300F72CDE /* MainWindow.xib */,
				1BDA4F021C6E24390019041B /* StatusMenu.xib */,
				1B6DA8BB1C64B619008C35FA /* PreferencesWindow.xib */,
				1B4F79201C68A8230062EC15 /* AboutWindow.xib */,
			);
			name = Views;
			sourceTree = "<group>";
		};
		1B6DA8C71C65040A008C35FA /* Controllers */ = {
			isa = PBXGroup;
			children = (
				1B273D0D1C634CFC00F72CDE /* AppController.swift */,
				1B6DA8BE1C64B957008C35FA /* PreferencesController.swift */,
				1B4F79231C68AC770062EC15 /* AboutController.swift */,
			);
			name = Controllers;
			sourceTree = "<group>";
		};
		1B6DA8C81C65042B008C35FA /* Services */ = {
			isa = PBXGroup;
			children = (
				1B273D131C635D4300F72CDE /* ImageDownloadService.swift */,
				1B273D1F1C6364EE00F72CDE /* EarthImageService.swift */,
				1B4F792A1C69EB770062EC15 /* WallpaperService.swift */,
				1B36FFCC1C68988D00596020 /* StartupService.swift */,
				1BDA4EE51C6B87A50019041B /* UserDefaultsManager.swift */,
				1BDA4EED1C6DF33F0019041B /* TimerService.swift */,
			);
			name = Services;
			sourceTree = "<group>";
		};
		1B6DA8C91C650433008C35FA /* Managers */ = {
			isa = PBXGroup;
			children = (
				1B273D221C63650000F72CDE /* WallpaperManager.swift */,
				1B4F79271C68F79F0062EC15 /* PreferencesManager.swift */,
			);
			name = Managers;
			sourceTree = "<group>";
		};
		1B6DA8CA1C650469008C35FA /* Models */ = {
			isa = PBXGroup;
			children = (
				1B273D151C635D4300F72CDE /* Result.swift */,
			);
			name = Models;
			sourceTree = "<group>";
		};
		FEAB8AA2AB66A924D14BEB15 /* Frameworks */ = {
			isa = PBXGroup;
			children = (
				6AEA326721841E3846D5569F /* Pods_EarthWallpapers.framework */,
				74876C99CAC7FE7F71AD7E5F /* Pods_EarthWallpapersTests.framework */,
			);
			name = Frameworks;
			sourceTree = "<group>";
		};
/* End PBXGroup section */

/* Begin PBXNativeTarget section */
		1B273CEE1C634CA300F72CDE /* EarthWallpapers */ = {
			isa = PBXNativeTarget;
			buildConfigurationList = 1B273D071C634CA300F72CDE /* Build configuration list for PBXNativeTarget "EarthWallpapers" */;
			buildPhases = (
				209FDFB776486F5D8F97C375 /* Check Pods Manifest.lock */,
				1B273CEB1C634CA300F72CDE /* Sources */,
				1B273CEC1C634CA300F72CDE /* Frameworks */,
				1B273CED1C634CA300F72CDE /* Resources */,
				7CCAC723D884EF1DF98E3DB0 /* Embed Pods Frameworks */,
				8818EEBCC8D602E3CA75F001 /* Copy Pods Resources */,
			);
			buildRules = (
			);
			dependencies = (
			);
			name = EarthWallpapers;
			productName = EarthWallpapers;
			productReference = 1B273CEF1C634CA300F72CDE /* EarthWallpapers.app */;
			productType = "com.apple.product-type.application";
		};
		1B273CFD1C634CA300F72CDE /* EarthWallpapersTests */ = {
			isa = PBXNativeTarget;
			buildConfigurationList = 1B273D0A1C634CA300F72CDE /* Build configuration list for PBXNativeTarget "EarthWallpapersTests" */;
			buildPhases = (
				FBA61987BDB3DD14CE6CD8B4 /* Check Pods Manifest.lock */,
				1B273CFA1C634CA300F72CDE /* Sources */,
				1B273CFB1C634CA300F72CDE /* Frameworks */,
				1B273CFC1C634CA300F72CDE /* Resources */,
				5727C8A11A34C2A7F41DE3A8 /* Embed Pods Frameworks */,
				7EC76678BBA443FCA082B453 /* Copy Pods Resources */,
			);
			buildRules = (
			);
			dependencies = (
				1B273D001C634CA300F72CDE /* PBXTargetDependency */,
			);
			name = EarthWallpapersTests;
			productName = EarthWallpapersTests;
			productReference = 1B273CFE1C634CA300F72CDE /* EarthWallpapersTests.xctest */;
			productType = "com.apple.product-type.bundle.unit-test";
		};
/* End PBXNativeTarget section */

/* Begin PBXProject section */
		1B273CE71C634CA300F72CDE /* Project object */ = {
			isa = PBXProject;
			attributes = {
				LastSwiftUpdateCheck = 0720;
				LastUpgradeCheck = 0720;
				ORGANIZATIONNAME = membersheep;
				TargetAttributes = {
					1B273CEE1C634CA300F72CDE = {
						CreatedOnToolsVersion = 7.2;
					};
					1B273CFD1C634CA300F72CDE = {
						CreatedOnToolsVersion = 7.2;
						TestTargetID = 1B273CEE1C634CA300F72CDE;
					};
				};
			};
			buildConfigurationList = 1B273CEA1C634CA300F72CDE /* Build configuration list for PBXProject "EarthWallpapers" */;
			compatibilityVersion = "Xcode 3.2";
			developmentRegion = English;
			hasScannedForEncodings = 0;
			knownRegions = (
				en,
				Base,
			);
			mainGroup = 1B273CE61C634CA300F72CDE;
			productRefGroup = 1B273CF01C634CA300F72CDE /* Products */;
			projectDirPath = "";
			projectRoot = "";
			targets = (
				1B273CEE1C634CA300F72CDE /* EarthWallpapers */,
				1B273CFD1C634CA300F72CDE /* EarthWallpapersTests */,
			);
		};
/* End PBXProject section */

/* Begin PBXResourcesBuildPhase section */
		1B273CED1C634CA300F72CDE /* Resources */ = {
			isa = PBXResourcesBuildPhase;
			buildActionMask = 2147483647;
			files = (
				1BDA4F2D1C6E317A0019041B /* MainWindow.xib in Resources */,
				1B273CF51C634CA300F72CDE /* Assets.xcassets in Resources */,
				1BDA4F031C6E24390019041B /* StatusMenu.xib in Resources */,
				1B6DA8BC1C64B61A008C35FA /* PreferencesWindow.xib in Resources */,
				1B4F79211C68A8230062EC15 /* AboutWindow.xib in Resources */,
			);
			runOnlyForDeploymentPostprocessing = 0;
		};
		1B273CFC1C634CA300F72CDE /* Resources */ = {
			isa = PBXResourcesBuildPhase;
			buildActionMask = 2147483647;
			files = (
				1B6DA8BD1C64B61A008C35FA /* PreferencesWindow.xib in Resources */,
				1B4F79221C68A8230062EC15 /* AboutWindow.xib in Resources */,
				1BDA4F041C6E24390019041B /* StatusMenu.xib in Resources */,
			);
			runOnlyForDeploymentPostprocessing = 0;
		};
/* End PBXResourcesBuildPhase section */

/* Begin PBXShellScriptBuildPhase section */
		209FDFB776486F5D8F97C375 /* Check Pods Manifest.lock */ = {
			isa = PBXShellScriptBuildPhase;
			buildActionMask = 2147483647;
			files = (
			);
			inputPaths = (
			);
			name = "Check Pods Manifest.lock";
			outputPaths = (
			);
			runOnlyForDeploymentPostprocessing = 0;
			shellPath = /bin/sh;
			shellScript = "diff \"${PODS_ROOT}/../Podfile.lock\" \"${PODS_ROOT}/Manifest.lock\" > /dev/null\nif [[ $? != 0 ]] ; then\n    cat << EOM\nerror: The sandbox is not in sync with the Podfile.lock. Run 'pod install' or update your CocoaPods installation.\nEOM\n    exit 1\nfi\n";
			showEnvVarsInLog = 0;
		};
		5727C8A11A34C2A7F41DE3A8 /* Embed Pods Frameworks */ = {
			isa = PBXShellScriptBuildPhase;
			buildActionMask = 2147483647;
			files = (
			);
			inputPaths = (
			);
			name = "Embed Pods Frameworks";
			outputPaths = (
			);
			runOnlyForDeploymentPostprocessing = 0;
			shellPath = /bin/sh;
			shellScript = "\"${SRCROOT}/Pods/Target Support Files/Pods-EarthWallpapersTests/Pods-EarthWallpapersTests-frameworks.sh\"\n";
			showEnvVarsInLog = 0;
		};
		7CCAC723D884EF1DF98E3DB0 /* Embed Pods Frameworks */ = {
			isa = PBXShellScriptBuildPhase;
			buildActionMask = 2147483647;
			files = (
			);
			inputPaths = (
			);
			name = "Embed Pods Frameworks";
			outputPaths = (
			);
			runOnlyForDeploymentPostprocessing = 0;
			shellPath = /bin/sh;
			shellScript = "\"${SRCROOT}/Pods/Target Support Files/Pods-EarthWallpapers/Pods-EarthWallpapers-frameworks.sh\"\n";
			showEnvVarsInLog = 0;
		};
		7EC76678BBA443FCA082B453 /* Copy Pods Resources */ = {
			isa = PBXShellScriptBuildPhase;
			buildActionMask = 2147483647;
			files = (
			);
			inputPaths = (
			);
			name = "Copy Pods Resources";
			outputPaths = (
			);
			runOnlyForDeploymentPostprocessing = 0;
			shellPath = /bin/sh;
			shellScript = "\"${SRCROOT}/Pods/Target Support Files/Pods-EarthWallpapersTests/Pods-EarthWallpapersTests-resources.sh\"\n";
			showEnvVarsInLog = 0;
		};
		8818EEBCC8D602E3CA75F001 /* Copy Pods Resources */ = {
			isa = PBXShellScriptBuildPhase;
			buildActionMask = 2147483647;
			files = (
			);
			inputPaths = (
			);
			name = "Copy Pods Resources";
			outputPaths = (
			);
			runOnlyForDeploymentPostprocessing = 0;
			shellPath = /bin/sh;
			shellScript = "\"${SRCROOT}/Pods/Target Support Files/Pods-EarthWallpapers/Pods-EarthWallpapers-resources.sh\"\n";
			showEnvVarsInLog = 0;
		};
		FBA61987BDB3DD14CE6CD8B4 /* Check Pods Manifest.lock */ = {
			isa = PBXShellScriptBuildPhase;
			buildActionMask = 2147483647;
			files = (
			);
			inputPaths = (
			);
			name = "Check Pods Manifest.lock";
			outputPaths = (
			);
			runOnlyForDeploymentPostprocessing = 0;
			shellPath = /bin/sh;
			shellScript = "diff \"${PODS_ROOT}/../Podfile.lock\" \"${PODS_ROOT}/Manifest.lock\" > /dev/null\nif [[ $? != 0 ]] ; then\n    cat << EOM\nerror: The sandbox is not in sync with the Podfile.lock. Run 'pod install' or update your CocoaPods installation.\nEOM\n    exit 1\nfi\n";
			showEnvVarsInLog = 0;
		};
/* End PBXShellScriptBuildPhase section */

/* Begin PBXSourcesBuildPhase section */
		1B273CEB1C634CA300F72CDE /* Sources */ = {
			isa = PBXSourcesBuildPhase;
			buildActionMask = 2147483647;
			files = (
				1B4F79281C68F79F0062EC15 /* PreferencesManager.swift in Sources */,
				1BDA4EE61C6B87A50019041B /* UserDefaultsManager.swift in Sources */,
				1B273D231C63650000F72CDE /* WallpaperManager.swift in Sources */,
				1B273D1B1C635D4300F72CDE /* Result.swift in Sources */,
				1BDA4EEE1C6DF33F0019041B /* TimerService.swift in Sources */,
				1B36FFCD1C68988E00596020 /* StartupService.swift in Sources */,
				1B273D201C6364EE00F72CDE /* EarthImageService.swift in Sources */,
				1B6DA8BF1C64B957008C35FA /* PreferencesController.swift in Sources */,
				1B273CF31C634CA300F72CDE /* AppDelegate.swift in Sources */,
				1B273D0E1C634CFC00F72CDE /* AppController.swift in Sources */,
				1B273D171C635D4300F72CDE /* ImageDownloadService.swift in Sources */,
				1B4F792B1C69EB770062EC15 /* WallpaperService.swift in Sources */,
				1B4F79241C68AC770062EC15 /* AboutController.swift in Sources */,
			);
			runOnlyForDeploymentPostprocessing = 0;
		};
		1B273CFA1C634CA300F72CDE /* Sources */ = {
			isa = PBXSourcesBuildPhase;
			buildActionMask = 2147483647;
			files = (
				1B4F79291C68F79F0062EC15 /* PreferencesManager.swift in Sources */,
				1BDA4EE71C6B87A50019041B /* UserDefaultsManager.swift in Sources */,
				1B273D241C63650000F72CDE /* WallpaperManager.swift in Sources */,
				1B273D1C1C635D4300F72CDE /* Result.swift in Sources */,
				1BDA4EEF1C6DF33F0019041B /* TimerService.swift in Sources */,
				1B36FFCE1C68988E00596020 /* StartupService.swift in Sources */,
				1B273D211C6364EE00F72CDE /* EarthImageService.swift in Sources */,
				1B6DA8C01C64B957008C35FA /* PreferencesController.swift in Sources */,
				1B273D031C634CA300F72CDE /* EarthWallpapersTests.swift in Sources */,
				1B273D0F1C634CFC00F72CDE /* AppController.swift in Sources */,
				1B273D181C635D4300F72CDE /* ImageDownloadService.swift in Sources */,
				1B4F792C1C69EB770062EC15 /* WallpaperService.swift in Sources */,
				1B4F79251C68AC770062EC15 /* AboutController.swift in Sources */,
			);
			runOnlyForDeploymentPostprocessing = 0;
		};
/* End PBXSourcesBuildPhase section */

/* Begin PBXTargetDependency section */
		1B273D001C634CA300F72CDE /* PBXTargetDependency */ = {
			isa = PBXTargetDependency;
			target = 1B273CEE1C634CA300F72CDE /* EarthWallpapers */;
			targetProxy = 1B273CFF1C634CA300F72CDE /* PBXContainerItemProxy */;
		};
/* End PBXTargetDependency section */

/* Begin PBXVariantGroup section */
		1B273CF61C634CA300F72CDE /* MainWindow.xib */ = {
			isa = PBXVariantGroup;
			children = (
				1B273CF71C634CA300F72CDE /* Base */,
			);
			name = MainWindow.xib;
			sourceTree = "<group>";
		};
/* End PBXVariantGroup section */

/* Begin XCBuildConfiguration section */
		1B273D051C634CA300F72CDE /* Debug */ = {
			isa = XCBuildConfiguration;
			buildSettings = {
				ALWAYS_SEARCH_USER_PATHS = NO;
				CLANG_CXX_LANGUAGE_STANDARD = "gnu++0x";
				CLANG_CXX_LIBRARY = "libc++";
				CLANG_ENABLE_MODULES = YES;
				CLANG_ENABLE_OBJC_ARC = YES;
				CLANG_WARN_BOOL_CONVERSION = YES;
				CLANG_WARN_CONSTANT_CONVERSION = YES;
				CLANG_WARN_DIRECT_OBJC_ISA_USAGE = YES_ERROR;
				CLANG_WARN_EMPTY_BODY = YES;
				CLANG_WARN_ENUM_CONVERSION = YES;
				CLANG_WARN_INT_CONVERSION = YES;
				CLANG_WARN_OBJC_ROOT_CLASS = YES_ERROR;
				CLANG_WARN_UNREACHABLE_CODE = YES;
				CLANG_WARN__DUPLICATE_METHOD_MATCH = YES;
				CODE_SIGN_IDENTITY = "-";
				COPY_PHASE_STRIP = NO;
				DEBUG_INFORMATION_FORMAT = dwarf;
				ENABLE_STRICT_OBJC_MSGSEND = YES;
				ENABLE_TESTABILITY = YES;
				GCC_C_LANGUAGE_STANDARD = gnu99;
				GCC_DYNAMIC_NO_PIC = NO;
				GCC_NO_COMMON_BLOCKS = YES;
				GCC_OPTIMIZATION_LEVEL = 0;
				GCC_PREPROCESSOR_DEFINITIONS = (
					"DEBUG=1",
					"$(inherited)",
				);
				GCC_WARN_64_TO_32_BIT_CONVERSION = YES;
				GCC_WARN_ABOUT_RETURN_TYPE = YES_ERROR;
				GCC_WARN_UNDECLARED_SELECTOR = YES;
				GCC_WARN_UNINITIALIZED_AUTOS = YES_AGGRESSIVE;
				GCC_WARN_UNUSED_FUNCTION = YES;
				GCC_WARN_UNUSED_VARIABLE = YES;
				MACOSX_DEPLOYMENT_TARGET = 10.11;
				MTL_ENABLE_DEBUG_INFO = YES;
				ONLY_ACTIVE_ARCH = YES;
				SDKROOT = macosx;
				SWIFT_OPTIMIZATION_LEVEL = "-Onone";
			};
			name = Debug;
		};
		1B273D061C634CA300F72CDE /* Release */ = {
			isa = XCBuildConfiguration;
			buildSettings = {
				ALWAYS_SEARCH_USER_PATHS = NO;
				CLANG_CXX_LANGUAGE_STANDARD = "gnu++0x";
				CLANG_CXX_LIBRARY = "libc++";
				CLANG_ENABLE_MODULES = YES;
				CLANG_ENABLE_OBJC_ARC = YES;
				CLANG_WARN_BOOL_CONVERSION = YES;
				CLANG_WARN_CONSTANT_CONVERSION = YES;
				CLANG_WARN_DIRECT_OBJC_ISA_USAGE = YES_ERROR;
				CLANG_WARN_EMPTY_BODY = YES;
				CLANG_WARN_ENUM_CONVERSION = YES;
				CLANG_WARN_INT_CONVERSION = YES;
				CLANG_WARN_OBJC_ROOT_CLASS = YES_ERROR;
				CLANG_WARN_UNREACHABLE_CODE = YES;
				CLANG_WARN__DUPLICATE_METHOD_MATCH = YES;
				CODE_SIGN_IDENTITY = "-";
				COPY_PHASE_STRIP = NO;
				DEBUG_INFORMATION_FORMAT = "dwarf-with-dsym";
				ENABLE_NS_ASSERTIONS = NO;
				ENABLE_STRICT_OBJC_MSGSEND = YES;
				GCC_C_LANGUAGE_STANDARD = gnu99;
				GCC_NO_COMMON_BLOCKS = YES;
				GCC_WARN_64_TO_32_BIT_CONVERSION = YES;
				GCC_WARN_ABOUT_RETURN_TYPE = YES_ERROR;
				GCC_WARN_UNDECLARED_SELECTOR = YES;
				GCC_WARN_UNINITIALIZED_AUTOS = YES_AGGRESSIVE;
				GCC_WARN_UNUSED_FUNCTION = YES;
				GCC_WARN_UNUSED_VARIABLE = YES;
				MACOSX_DEPLOYMENT_TARGET = 10.11;
				MTL_ENABLE_DEBUG_INFO = NO;
				SDKROOT = macosx;
			};
			name = Release;
		};
		1B273D081C634CA300F72CDE /* Debug */ = {
			isa = XCBuildConfiguration;
			baseConfigurationReference = 6236DA0AF5CD157F52A20DC0 /* Pods-EarthWallpapers.debug.xcconfig */;
			buildSettings = {
				ASSETCATALOG_COMPILER_APPICON_NAME = AppIcon;
				COMBINE_HIDPI_IMAGES = YES;
				INFOPLIST_FILE = EarthWallpapers/Info.plist;
				LD_RUNPATH_SEARCH_PATHS = "$(inherited) @executable_path/../Frameworks";
				MACOSX_DEPLOYMENT_TARGET = 10.10;
				PRODUCT_BUNDLE_IDENTIFIER = mem.EarthWallpapers;
				PRODUCT_NAME = "$(TARGET_NAME)";
			};
			name = Debug;
		};
		1B273D091C634CA300F72CDE /* Release */ = {
			isa = XCBuildConfiguration;
			baseConfigurationReference = F727396F54068C9A8BFAE78F /* Pods-EarthWallpapers.release.xcconfig */;
			buildSettings = {
				ASSETCATALOG_COMPILER_APPICON_NAME = AppIcon;
				COMBINE_HIDPI_IMAGES = YES;
				INFOPLIST_FILE = EarthWallpapers/Info.plist;
				LD_RUNPATH_SEARCH_PATHS = "$(inherited) @executable_path/../Frameworks";
				MACOSX_DEPLOYMENT_TARGET = 10.10;
				PRODUCT_BUNDLE_IDENTIFIER = mem.EarthWallpapers;
				PRODUCT_NAME = "$(TARGET_NAME)";
			};
			name = Release;
		};
		1B273D0B1C634CA300F72CDE /* Debug */ = {
			isa = XCBuildConfiguration;
			baseConfigurationReference = BDB20ABA130F43DB148E380E /* Pods-EarthWallpapersTests.debug.xcconfig */;
			buildSettings = {
				BUNDLE_LOADER = "$(TEST_HOST)";
				COMBINE_HIDPI_IMAGES = YES;
				INFOPLIST_FILE = EarthWallpapersTests/Info.plist;
				LD_RUNPATH_SEARCH_PATHS = "$(inherited) @executable_path/../Frameworks @loader_path/../Frameworks";
				PRODUCT_BUNDLE_IDENTIFIER = mem.EarthWallpapersTests;
				PRODUCT_NAME = "$(TARGET_NAME)";
				TEST_HOST = "$(BUILT_PRODUCTS_DIR)/EarthWallpapers.app/Contents/MacOS/EarthWallpapers";
			};
			name = Debug;
		};
		1B273D0C1C634CA300F72CDE /* Release */ = {
			isa = XCBuildConfiguration;
			baseConfigurationReference = DC21823576220AE031EC2F81 /* Pods-EarthWallpapersTests.release.xcconfig */;
			buildSettings = {
				BUNDLE_LOADER = "$(TEST_HOST)";
				COMBINE_HIDPI_IMAGES = YES;
				INFOPLIST_FILE = EarthWallpapersTests/Info.plist;
				LD_RUNPATH_SEARCH_PATHS = "$(inherited) @executable_path/../Frameworks @loader_path/../Frameworks";
				PRODUCT_BUNDLE_IDENTIFIER = mem.EarthWallpapersTests;
				PRODUCT_NAME = "$(TARGET_NAME)";
				TEST_HOST = "$(BUILT_PRODUCTS_DIR)/EarthWallpapers.app/Contents/MacOS/EarthWallpapers";
			};
			name = Release;
		};
/* End XCBuildConfiguration section */

/* Begin XCConfigurationList section */
		1B273CEA1C634CA300F72CDE /* Build configuration list for PBXProject "EarthWallpapers" */ = {
			isa = XCConfigurationList;
			buildConfigurations = (
				1B273D051C634CA300F72CDE /* Debug */,
				1B273D061C634CA300F72CDE /* Release */,
			);
			defaultConfigurationIsVisible = 0;
			defaultConfigurationName = Release;
		};
		1B273D071C634CA300F72CDE /* Build configuration list for PBXNativeTarget "EarthWallpapers" */ = {
			isa = XCConfigurationList;
			buildConfigurations = (
				1B273D081C634CA300F72CDE /* Debug */,
				1B273D091C634CA300F72CDE /* Release */,
			);
			defaultConfigurationIsVisible = 0;
			defaultConfigurationName = Release;
		};
		1B273D0A1C634CA300F72CDE /* Build configuration list for PBXNativeTarget "EarthWallpapersTests" */ = {
			isa = XCConfigurationList;
			buildConfigurations = (
				1B273D0B1C634CA300F72CDE /* Debug */,
				1B273D0C1C634CA300F72CDE /* Release */,
			);
			defaultConfigurationIsVisible = 0;
			defaultConfigurationName = Release;
		};
/* End XCConfigurationList section */
	};
	rootObject = 1B273CE71C634CA300F72CDE /* Project object */;
}
